// !$*UTF8*$!
{
	archiveVersion = 1;
	classes = {
	};
	objectVersion = 50;
	objects = {

/* Begin PBXBuildFile section */
		2FFB8F092215BEC800E81C29 /* AppDelegate.swift in Sources */ = {isa = PBXBuildFile; fileRef = 2FFB8F082215BEC800E81C29 /* AppDelegate.swift */; };
		2FFB8F0B2215BEC800E81C29 /* ViewController.swift in Sources */ = {isa = PBXBuildFile; fileRef = 2FFB8F0A2215BEC800E81C29 /* ViewController.swift */; };
		2FFB8F0E2215BEC800E81C29 /* Main.storyboard in Resources */ = {isa = PBXBuildFile; fileRef = 2FFB8F0C2215BEC800E81C29 /* Main.storyboard */; };
		2FFB8F112215BEC800E81C29 /* artbook.xcdatamodeld in Sources */ = {isa = PBXBuildFile; fileRef = 2FFB8F0F2215BEC800E81C29 /* artbook.xcdatamodeld */; };
		2FFB8F132215BEC900E81C29 /* Assets.xcassets in Resources */ = {isa = PBXBuildFile; fileRef = 2FFB8F122215BEC900E81C29 /* Assets.xcassets */; };
		2FFB8F162215BEC900E81C29 /* LaunchScreen.storyboard in Resources */ = {isa = PBXBuildFile; fileRef = 2FFB8F142215BEC900E81C29 /* LaunchScreen.storyboard */; };
		2FFB8F202215C05500E81C29 /* DetailsViewController.swift in Sources */ = {isa = PBXBuildFile; fileRef = 2FFB8F1F2215C05500E81C29 /* DetailsViewController.swift */; };
		2FFB8F222215C4CC00E81C29 /* selectImage.jpg in Resources */ = {isa = PBXBuildFile; fileRef = 2FFB8F212215C4CC00E81C29 /* selectImage.jpg */; };
/* End PBXBuildFile section */

/* Begin PBXFileReference section */
		2FFB8F052215BEC800E81C29 /* artbook.app */ = {isa = PBXFileReference; explicitFileType = wrapper.application; includeInIndex = 0; path = artbook.app; sourceTree = BUILT_PRODUCTS_DIR; };
		2FFB8F082215BEC800E81C29 /* AppDelegate.swift */ = {isa = PBXFileReference; lastKnownFileType = sourcecode.swift; path = AppDelegate.swift; sourceTree = "<group>"; };
		2FFB8F0A2215BEC800E81C29 /* ViewController.swift */ = {isa = PBXFileReference; lastKnownFileType = sourcecode.swift; path = ViewController.swift; sourceTree = "<group>"; };
		2FFB8F0D2215BEC800E81C29 /* Base */ = {isa = PBXFileReference; lastKnownFileType = file.storyboard; name = Base; path = Base.lproj/Main.storyboard; sourceTree = "<group>"; };
		2FFB8F102215BEC800E81C29 /* artbook.xcdatamodel */ = {isa = PBXFileReference; lastKnownFileType = wrapper.xcdatamodel; path = artbook.xcdatamodel; sourceTree = "<group>"; };
		2FFB8F122215BEC900E81C29 /* Assets.xcassets */ = {isa = PBXFileReference; lastKnownFileType = folder.assetcatalog; path = Assets.xcassets; sourceTree = "<group>"; };
		2FFB8F152215BEC900E81C29 /* Base */ = {isa = PBXFileReference; lastKnownFileType = file.storyboard; name = Base; path = Base.lproj/LaunchScreen.storyboard; sourceTree = "<group>"; };
		2FFB8F172215BEC900E81C29 /* Info.plist */ = {isa = PBXFileReference; lastKnownFileType = text.plist.xml; path = Info.plist; sourceTree = "<group>"; };
		2FFB8F1F2215C05500E81C29 /* DetailsViewController.swift */ = {isa = PBXFileReference; lastKnownFileType = sourcecode.swift; path = DetailsViewController.swift; sourceTree = "<group>"; };
		2FFB8F212215C4CC00E81C29 /* selectImage.jpg */ = {isa = PBXFileReference; lastKnownFileType = image.jpeg; path = selectImage.jpg; sourceTree = "<group>"; };
/* End PBXFileReference section */

/* Begin PBXFrameworksBuildPhase section */
		2FFB8F022215BEC800E81C29 /* Frameworks */ = {
			isa = PBXFrameworksBuildPhase;
			buildActionMask = 2147483647;
			files = (
			);
			runOnlyForDeploymentPostprocessing = 0;
		};
/* End PBXFrameworksBuildPhase section */

/* Begin PBXGroup section */
		2FFB8EFC2215BEC800E81C29 = {
			isa = PBXGroup;
			children = (
				2FFB8F072215BEC800E81C29 /* artbook */,
				2FFB8F062215BEC800E81C29 /* Products */,
			);
			sourceTree = "<group>";
		};
		2FFB8F062215BEC800E81C29 /* Products */ = {
			isa = PBXGroup;
			children = (
				2FFB8F052215BEC800E81C29 /* artbook.app */,
			);
			name = Products;
			sourceTree = "<group>";
		};
		2FFB8F072215BEC800E81C29 /* artbook */ = {
			isa = PBXGroup;
			children = (
				2FFB8F212215C4CC00E81C29 /* selectImage.jpg */,
				2FFB8F082215BEC800E81C29 /* AppDelegate.swift */,
				2FFB8F1F2215C05500E81C29 /* DetailsViewController.swift */,
				2FFB8F0A2215BEC800E81C29 /* ViewController.swift */,
				2FFB8F0C2215BEC800E81C29 /* Main.storyboard */,
				2FFB8F122215BEC900E81C29 /* Assets.xcassets */,
				2FFB8F142215BEC900E81C29 /* LaunchScreen.storyboard */,
				2FFB8F172215BEC900E81C29 /* Info.plist */,
				2FFB8F0F2215BEC800E81C29 /* artbook.xcdatamodeld */,
			);
			path = artbook;
			sourceTree = "<group>";
		};
/* End PBXGroup section */

/* Begin PBXNativeTarget section */
		2FFB8F042215BEC800E81C29 /* artbook */ = {
			isa = PBXNativeTarget;
			buildConfigurationList = 2FFB8F1A2215BEC900E81C29 /* Build configuration list for PBXNativeTarget "artbook" */;
			buildPhases = (
				2FFB8F012215BEC800E81C29 /* Sources */,
				2FFB8F022215BEC800E81C29 /* Frameworks */,
				2FFB8F032215BEC800E81C29 /* Resources */,
			);
			buildRules = (
			);
			dependencies = (
			);
			name = artbook;
			productName = artbook;
			productReference = 2FFB8F052215BEC800E81C29 /* artbook.app */;
			productType = "com.apple.product-type.application";
		};
/* End PBXNativeTarget section */

/* Begin PBXProject section */
		2FFB8EFD2215BEC800E81C29 /* Project object */ = {
			isa = PBXProject;
			attributes = {
				LastSwiftUpdateCheck = 1010;
				LastUpgradeCheck = 1010;
				ORGANIZATIONNAME = "Hikmet H Uygur";
				TargetAttributes = {
					2FFB8F042215BEC800E81C29 = {
						CreatedOnToolsVersion = 10.1;
					};
				};
			};
			buildConfigurationList = 2FFB8F002215BEC800E81C29 /* Build configuration list for PBXProject "artbook" */;
			compatibilityVersion = "Xcode 9.3";
			developmentRegion = en;
			hasScannedForEncodings = 0;
			knownRegions = (
				en,
				Base,
			);
			mainGroup = 2FFB8EFC2215BEC800E81C29;
			productRefGroup = 2FFB8F062215BEC800E81C29 /* Products */;
			projectDirPath = "";
			projectRoot = "";
			targets = (
				2FFB8F042215BEC800E81C29 /* artbook */,
			);
		};
/* End PBXProject section */

/* Begin PBXResourcesBuildPhase section */
		2FFB8F032215BEC800E81C29 /* Resources */ = {
			isa = PBXResourcesBuildPhase;
			buildActionMask = 2147483647;
			files = (
				2FFB8F162215BEC900E81C29 /* LaunchScreen.storyboard in Resources */,
				2FFB8F222215C4CC00E81C29 /* selectImage.jpg in Resources */,
				2FFB8F132215BEC900E81C29 /* Assets.xcassets in Resources */,
				2FFB8F0E2215BEC800E81C29 /* Main.storyboard in Resources */,
			);
			runOnlyForDeploymentPostprocessing = 0;
		};
/* End PBXResourcesBuildPhase section */

/* Begin PBXSourcesBuildPhase section */
		2FFB8F012215BEC800E81C29 /* Sources */ = {
			isa = PBXSourcesBuildPhase;
			buildActionMask = 2147483647;
			files = (
				2FFB8F0B2215BEC800E81C29 /* ViewController.swift in Sources */,
				2FFB8F092215BEC800E81C29 /* AppDelegate.swift in Sources */,
				2FFB8F112215BEC800E81C29 /* artbook.xcdatamodeld in Sources */,
				2FFB8F202215C05500E81C29 /* DetailsViewController.swift in Sources */,
			);
			runOnlyForDeploymentPostprocessing = 0;
		};
/* End PBXSourcesBuildPhase section */

/* Begin PBXVariantGroup section */
		2FFB8F0C2215BEC800E81C29 /* Main.storyboard */ = {
			isa = PBXVariantGroup;
			children = (
				2FFB8F0D2215BEC800E81C29 /* Base */,
			);
			name = Main.storyboard;
			sourceTree = "<group>";
		};
		2FFB8F142215BEC900E81C29 /* LaunchScreen.storyboard */ = {
			isa = PBXVariantGroup;
			children = (
				2FFB8F152215BEC900E81C29 /* Base */,
			);
			name = LaunchScreen.storyboard;
			sourceTree = "<group>";
		};
/* End PBXVariantGroup section */

/* Begin XCBuildConfiguration section */
		2FFB8F182215BEC900E81C29 /* Debug */ = {
			isa = XCBuildConfiguration;
			buildSettings = {
				ALWAYS_SEARCH_USER_PATHS = NO;
				CLANG_ANALYZER_NONNULL = YES;
				CLANG_ANALYZER_NUMBER_OBJECT_CONVERSION = YES_AGGRESSIVE;
				CLANG_CXX_LANGUAGE_STANDARD = "gnu++14";
				CLANG_CXX_LIBRARY = "libc++";
				CLANG_ENABLE_MODULES = YES;
				CLANG_ENABLE_OBJC_ARC = YES;
				CLANG_ENABLE_OBJC_WEAK = YES;
				CLANG_WARN_BLOCK_CAPTURE_AUTORELEASING = YES;
				CLANG_WARN_BOOL_CONVERSION = YES;
				CLANG_WARN_COMMA = YES;
				CLANG_WARN_CONSTANT_CONVERSION = YES;
				CLANG_WARN_DEPRECATED_OBJC_IMPLEMENTATIONS = YES;
				CLANG_WARN_DIRECT_OBJC_ISA_USAGE = YES_ERROR;
				CLANG_WARN_DOCUMENTATION_COMMENTS = YES;
				CLANG_WARN_EMPTY_BODY = YES;
				CLANG_WARN_ENUM_CONVERSION = YES;
				CLANG_WARN_INFINITE_RECURSION = YES;
				CLANG_WARN_INT_CONVERSION = YES;
				CLANG_WARN_NON_LITERAL_NULL_CONVERSION = YES;
				CLANG_WARN_OBJC_IMPLICIT_RETAIN_SELF = YES;
				CLANG_WARN_OBJC_LITERAL_CONVERSION = YES;
				CLANG_WARN_OBJC_ROOT_CLASS = YES_ERROR;
				CLANG_WARN_RANGE_LOOP_ANALYSIS = YES;
				CLANG_WARN_STRICT_PROTOTYPES = YES;
				CLANG_WARN_SUSPICIOUS_MOVE = YES;
				CLANG_WARN_UNGUARDED_AVAILABILITY = YES_AGGRESSIVE;
				CLANG_WARN_UNREACHABLE_CODE = YES;
				CLANG_WARN__DUPLICATE_METHOD_MATCH = YES;
				CODE_SIGN_IDENTITY = "iPhone Developer";
				COPY_PHASE_STRIP = NO;
				DEBUG_INFORMATION_FORMAT = dwarf;
				ENABLE_STRICT_OBJC_MSGSEND = YES;
				ENABLE_TESTABILITY = YES;
				GCC_C_LANGUAGE_STANDARD = gnu11;
				GCC_DYNAMIC_NO_PIC = NO;
				GCC_NO_COMMON_BLOCKS = YES;
				GCC_OPTIMIZATION_LEVEL = 0;
				GCC_PREPROCESSOR_DEFINITIONS = (
					"DEBUG=1",
					"$(inherited)",
				);
				GCC_WARN_64_TO_32_BIT_CONVERSION = YES;
				GCC_WARN_ABOUT_RETURN_TYPE = YES_ERROR;
				GCC_WARN_UNDECLARED_SELECTOR = YES;
				GCC_WARN_UNINITIALIZED_AUTOS = YES_AGGRESSIVE;
				GCC_WARN_UNUSED_FUNCTION = YES;
				GCC_WARN_UNUSED_VARIABLE = YES;
				IPHONEOS_DEPLOYMENT_TARGET = 12.1;
				MTL_ENABLE_DEBUG_INFO = INCLUDE_SOURCE;
				MTL_FAST_MATH = YES;
				ONLY_ACTIVE_ARCH = YES;
				SDKROOT = iphoneos;
				SWIFT_ACTIVE_COMPILATION_CONDITIONS = DEBUG;
				SWIFT_OPTIMIZATION_LEVEL = "-Onone";
			};
			name = Debug;
		};
		2FFB8F192215BEC900E81C29 /* Release */ = {
			isa = XCBuildConfiguration;
			buildSettings = {
				ALWAYS_SEARCH_USER_PATHS = NO;
				CLANG_ANALYZER_NONNULL = YES;
				CLANG_ANALYZER_NUMBER_OBJECT_CONVERSION = YES_AGGRESSIVE;
				CLANG_CXX_LANGUAGE_STANDARD = "gnu++14";
				CLANG_CXX_LIBRARY = "libc++";
				CLANG_ENABLE_MODULES = YES;
				CLANG_ENABLE_OBJC_ARC = YES;
				CLANG_ENABLE_OBJC_WEAK = YES;
				CLANG_WARN_BLOCK_CAPTURE_AUTORELEASING = YES;
				CLANG_WARN_BOOL_CONVERSION = YES;
				CLANG_WARN_COMMA = YES;
				CLANG_WARN_CONSTANT_CONVERSION = YES;
				CLANG_WARN_DEPRECATED_OBJC_IMPLEMENTATIONS = YES;
				CLANG_WARN_DIRECT_OBJC_ISA_USAGE = YES_ERROR;
				CLANG_WARN_DOCUMENTATION_COMMENTS = YES;
				CLANG_WARN_EMPTY_BODY = YES;
				CLANG_WARN_ENUM_CONVERSION = YES;
				CLANG_WARN_INFINITE_RECURSION = YES;
				CLANG_WARN_INT_CONVERSION = YES;
				CLANG_WARN_NON_LITERAL_NULL_CONVERSION = YES;
				CLANG_WARN_OBJC_IMPLICIT_RETAIN_SELF = YES;
				CLANG_WARN_OBJC_LITERAL_CONVERSION = YES;
				CLANG_WARN_OBJC_ROOT_CLASS = YES_ERROR;
				CLANG_WARN_RANGE_LOOP_ANALYSIS = YES;
				CLANG_WARN_STRICT_PROTOTYPES = YES;
				CLANG_WARN_SUSPICIOUS_MOVE = YES;
				CLANG_WARN_UNGUARDED_AVAILABILITY = YES_AGGRESSIVE;
				CLANG_WARN_UNREACHABLE_CODE = YES;
				CLANG_WARN__DUPLICATE_METHOD_MATCH = YES;
				CODE_SIGN_IDENTITY = "iPhone Developer";
				COPY_PHASE_STRIP = NO;
				DEBUG_INFORMATION_FORMAT = "dwarf-with-dsym";
				ENABLE_NS_ASSERTIONS = NO;
				ENABLE_STRICT_OBJC_MSGSEND = YES;
				GCC_C_LANGUAGE_STANDARD = gnu11;
				GCC_NO_COMMON_BLOCKS = YES;
				GCC_WARN_64_TO_32_BIT_CONVERSION = YES;
				GCC_WARN_ABOUT_RETURN_TYPE = YES_ERROR;
				GCC_WARN_UNDECLARED_SELECTOR = YES;
				GCC_WARN_UNINITIALIZED_AUTOS = YES_AGGRESSIVE;
				GCC_WARN_UNUSED_FUNCTION = YES;
				GCC_WARN_UNUSED_VARIABLE = YES;
				IPHONEOS_DEPLOYMENT_TARGET = 12.1;
				MTL_ENABLE_DEBUG_INFO = NO;
				MTL_FAST_MATH = YES;
				SDKROOT = iphoneos;
				SWIFT_COMPILATION_MODE = wholemodule;
				SWIFT_OPTIMIZATION_LEVEL = "-O";
				VALIDATE_PRODUCT = YES;
			};
			name = Release;
		};
		2FFB8F1B2215BEC900E81C29 /* Debug */ = {
			isa = XCBuildConfiguration;
			buildSettings = {
				ASSETCATALOG_COMPILER_APPICON_NAME = AppIcon;
				CODE_SIGN_STYLE = Automatic;
				DEVELOPMENT_TEAM = 8PK7A6972K;
				INFOPLIST_FILE = artbook/Info.plist;
				LD_RUNPATH_SEARCH_PATHS = (
					"$(inherited)",
					"@executable_path/Frameworks",
				);
				PRODUCT_BUNDLE_IDENTIFIER = com.kendinemunhasir.artbook;
				PRODUCT_NAME = "$(TARGET_NAME)";
				SWIFT_VERSION = 4.2;
				TARGETED_DEVICE_FAMILY = "1,2";
			};
			name = Debug;
		};
		2FFB8F1C2215BEC900E81C29 /* Release */ = {
			isa = XCBuildConfiguration;
			buildSettings = {
				ASSETCATALOG_COMPILER_APPICON_NAME = AppIcon;
				CODE_SIGN_STYLE = Automatic;
				DEVELOPMENT_TEAM = 8PK7A6972K;
				INFOPLIST_FILE = artbook/Info.plist;
				LD_RUNPATH_SEARCH_PATHS = (
					"$(inherited)",
					"@executable_path/Frameworks",
				);
				PRODUCT_BUNDLE_IDENTIFIER = com.kendinemunhasir.artbook;
				PRODUCT_NAME = "$(TARGET_NAME)";
				SWIFT_VERSION = 4.2;
				TARGETED_DEVICE_FAMILY = "1,2";
			};
			name = Release;
		};
/* End XCBuildConfiguration section */

/* Begin XCConfigurationList section */
		2FFB8F002215BEC800E81C29 /* Build configuration list for PBXProject "artbook" */ = {
			isa = XCConfigurationList;
			buildConfigurations = (
				2FFB8F182215BEC900E81C29 /* Debug */,
				2FFB8F192215BEC900E81C29 /* Release */,
			);
			defaultConfigurationIsVisible = 0;
			defaultConfigurationName = Release;
		};
		2FFB8F1A2215BEC900E81C29 /* Build configuration list for PBXNativeTarget "artbook" */ = {
			isa = XCConfigurationList;
			buildConfigurations = (
				2FFB8F1B2215BEC900E81C29 /* Debug */,
				2FFB8F1C2215BEC900E81C29 /* Release */,
			);
			defaultConfigurationIsVisible = 0;
			defaultConfigurationName = Release;
		};
/* End XCConfigurationList section */

/* Begin XCVersionGroup section */
		2FFB8F0F2215BEC800E81C29 /* artbook.xcdatamodeld */ = {
			isa = XCVersionGroup;
			children = (
				2FFB8F102215BEC800E81C29 /* artbook.xcdatamodel */,
			);
			currentVersion = 2FFB8F102215BEC800E81C29 /* artbook.xcdatamodel */;
			path = artbook.xcdatamodeld;
			sourceTree = "<group>";
			versionGroupType = wrapper.xcdatamodel;
		};
/* End XCVersionGroup section */
	};
	rootObject = 2FFB8EFD2215BEC800E81C29 /* Project object */;
}
